
Microsoft Visual Studio Solution File, Format Version 12.00
# Visual Studio 15
VisualStudioVersion = 15.0.27703.2042
MinimumVisualStudioVersion = 10.0.40219.1
Project("{FAE04EC0-301F-11D3-BF4B-00C04F79EFBC}") = "PasswordListWin", "PasswordListWin.csproj", "{450DD258-7E3F-4CCE-AE20-F4AF2DDB512E}"
	ProjectSection(ProjectDependencies) = postProject
		{69EF323E-85B2-475C-A1C5-FECDBC305ED7} = {69EF323E-85B2-475C-A1C5-FECDBC305ED7}
	EndProjectSection
EndProject
Project("{FAE04EC0-301F-11D3-BF4B-00C04F79EFBC}") = "LoadingRing", "..\LoadingRing\src\LoadingRing\LoadingRing.csproj", "{69EF323E-85B2-475C-A1C5-FECDBC305ED7}"
EndProject
Global
	GlobalSection(SolutionConfigurationPlatforms) = preSolution
		Debug|Any CPU = Debug|Any CPU
		Release|Any CPU = Release|Any CPU
	EndGlobalSection
	GlobalSection(ProjectConfigurationPlatforms) = postSolution
		{450DD258-7E3F-4CCE-AE20-F4AF2DDB512E}.Debug|Any CPU.ActiveCfg = Debug|Any CPU
		{450DD258-7E3F-4CCE-AE20-F4AF2DDB512E}.Debug|Any CPU.Build.0 = Debug|Any CPU
		{450DD258-7E3F-4CCE-AE20-F4AF2DDB512E}.Release|Any CPU.ActiveCfg = Release|Any CPU
		{450DD258-7E3F-4CCE-AE20-F4AF2DDB512E}.Release|Any CPU.Build.0 = Release|Any CPU
		{69EF323E-85B2-475C-A1C5-FECDBC305ED7}.Debug|Any CPU.ActiveCfg = Debug|Any CPU
		{69EF323E-85B2-475C-A1C5-FECDBC305ED7}.Debug|Any CPU.Build.0 = Debug|Any CPU
		{69EF323E-85B2-475C-A1C5-FECDBC305ED7}.Release|Any CPU.ActiveCfg = Release|Any CPU
		{69EF323E-85B2-475C-A1C5-FECDBC305ED7}.Release|Any CPU.Build.0 = Release|Any CPU
	EndGlobalSection
	GlobalSection(SolutionProperties) = preSolution
		HideSolutionNode = FALSE
	EndGlobalSection
	GlobalSection(ExtensibilityGlobals) = postSolution
		SolutionGuid = {3741757E-E243-4675-8BE0-84A9334465AD}
	EndGlobalSection
EndGlobal
